<?xml version="1.0" encoding="utf-8"?>
<Project ToolsVersion="4.0" xmlns="http://schemas.microsoft.com/developer/msbuild/2003">
  <ItemGroup>
    <Filter Include="Source Files">
      <UniqueIdentifier>{4FC737F1-C7A5-4376-A066-2A32D752A2FF}</UniqueIdentifier>
      <Extensions>cpp;c;cc;cxx;def;odl;idl;hpj;bat;asm;asmx</Extensions>
    </Filter>
    <Filter Include="Header Files">
      <UniqueIdentifier>{93995380-89BD-4b04-88EB-625FBE52EBFB}</UniqueIdentifier>
      <Extensions>h;hpp;hxx;hm;inl;inc;xsd</Extensions>
    </Filter>
    <Filter Include="Resource Files">
      <UniqueIdentifier>{67DA6AB6-F800-4c08-8B7A-83BB121AAD01}</UniqueIdentifier>
      <Extensions>rc;ico;cur;bmp;dlg;rc2;rct;bin;rgs;gif;jpg;jpeg;jpe;resx;tiff;tif;png;wav;mfcribbon-ms</Extensions>
    </Filter>
    <Filter Include="Level2">
      <UniqueIdentifier>{6153707b-4dce-4091-a6f2-b7c89c2914f2}</UniqueIdentifier>
    </Filter>
    <Filter Include="lib">
      <UniqueIdentifier>{a890b308-15cf-4085-b99a-4725fe50bf28}</UniqueIdentifier>
    </Filter>
    <Filter Include="include">
      <UniqueIdentifier>{01b9e637-082e-470d-a4b9-725485472146}</UniqueIdentifier>
    </Filter>
  </ItemGroup>
  <ItemGroup>
    <Text Include="ReadMe.txt" />
  </ItemGroup>
  <ItemGroup>
    <ClInclude Include="stdafx.h">
      <Filter>Header Files</Filter>
    </ClInclude>
    <ClInclude Include="targetver.h">
      <Filter>Header Files</Filter>
    </ClInclude>
    <ClInclude Include="QuantBox.C2Level2.h">
      <Filter>Header Files</Filter>
    </ClInclude>
    <ClInclude Include="include\Level2\level2_ns.h">
      <Filter>Level2</Filter>
    </ClInclude>
    <ClInclude Include="include\Level2\ThostFtdcLevel2UserApi.h">
      <Filter>Level2</Filter>
    </ClInclude>
    <ClInclude Include="include\Level2\ThostFtdcLevel2UserApiDataType.h">
      <Filter>Level2</Filter>
    </ClInclude>
    <ClInclude Include="include\Level2\ThostFtdcLevel2UserApiStruct.h">
      <Filter>Level2</Filter>
    </ClInclude>
    <ClInclude Include="Level2MsgQueue.h">
      <Filter>Header Files</Filter>
    </ClInclude>
    <ClInclude Include="Level2UserApi.h">
      <Filter>Header Files</Filter>
    </ClInclude>
    <ClInclude Include="include\Lock.h">
      <Filter>include</Filter>
    </ClInclude>
    <ClInclude Include="include\LockFreeQ.h">
      <Filter>include</Filter>
    </ClInclude>
    <ClInclude Include="include\toolkit.h">
      <Filter>include</Filter>
    </ClInclude>
  </ItemGroup>
  <ItemGroup>
    <ClCompile Include="stdafx.cpp">
      <Filter>Source Files</Filter>
    </ClCompile>
    <ClCompile Include="QuantBox.C2Level2.cpp">
      <Filter>Source Files</Filter>
    </ClCompile>
    <ClCompile Include="dllmain.cpp">
      <Filter>Source Files</Filter>
    </ClCompile>
    <ClCompile Include="Level2MsgQueue.cpp">
      <Filter>Source Files</Filter>
    </ClCompile>
    <ClCompile Include="Level2UserApi.cpp">
      <Filter>Source Files</Filter>
    </ClCompile>
    <ClCompile Include="include\toolkit.cpp">
      <Filter>include</Filter>
    </ClCompile>
  </ItemGroup>
  <ItemGroup>
    <Library Include="include\Level2\level2userapi.lib">
      <Filter>lib</Filter>
    </Library>
  </ItemGroup>
</Project>